
Microsoft Visual Studio Solution File, Format Version 12.00
# Visual Studio Version 17
VisualStudioVersion = 17.1.32328.378
MinimumVisualStudioVersion = 10.0.40219.1
Project("{FAE04EC0-301F-11D3-BF4B-00C04F79EFBC}") = "SQLbaglanti", "SQLbaglanti.csproj", "{B1AEBA3A-0BAB-4E3D-AB0E-1CF7D359246D}"
EndProject
Global
	GlobalSection(SolutionConfigurationPlatforms) = preSolution
		Debug|Any CPU = Debug|Any CPU
		Release|Any CPU = Release|Any CPU
	EndGlobalSection
	GlobalSection(ProjectConfigurationPlatforms) = postSolution
		{B1AEBA3A-0BAB-4E3D-AB0E-1CF7D359246D}.Debug|Any CPU.ActiveCfg = Debug|Any CPU
		{B1AEBA3A-0BAB-4E3D-AB0E-1CF7D359246D}.Debug|Any CPU.Build.0 = Debug|Any CPU
		{B1AEBA3A-0BAB-4E3D-AB0E-1CF7D359246D}.Release|Any CPU.ActiveCfg = Release|Any CPU
		{B1AEBA3A-0BAB-4E3D-AB0E-1CF7D359246D}.Release|Any CPU.Build.0 = Release|Any CPU
	EndGlobalSection
	GlobalSection(SolutionProperties) = preSolution
		HideSolutionNode = FALSE
	EndGlobalSection
	GlobalSection(ExtensibilityGlobals) = postSolution
		SolutionGuid = {FD474A9E-26A0-4010-8EBB-1F2D7981FBFC}
	EndGlobalSection
EndGlobal
