
Microsoft Visual Studio Solution File, Format Version 12.00
# Visual Studio Version 17
VisualStudioVersion = 17.1.32328.378
MinimumVisualStudioVersion = 10.0.40219.1
Project("{FAE04EC0-301F-11D3-BF4B-00C04F79EFBC}") = "Abstraction", "Abstraction.csproj", "{6197D39E-1092-4249-BA4F-452ABBE53498}"
EndProject
Global
	GlobalSection(SolutionConfigurationPlatforms) = preSolution
		Debug|Any CPU = Debug|Any CPU
		Release|Any CPU = Release|Any CPU
	EndGlobalSection
	GlobalSection(ProjectConfigurationPlatforms) = postSolution
		{6197D39E-1092-4249-BA4F-452ABBE53498}.Debug|Any CPU.ActiveCfg = Debug|Any CPU
		{6197D39E-1092-4249-BA4F-452ABBE53498}.Debug|Any CPU.Build.0 = Debug|Any CPU
		{6197D39E-1092-4249-BA4F-452ABBE53498}.Release|Any CPU.ActiveCfg = Release|Any CPU
		{6197D39E-1092-4249-BA4F-452ABBE53498}.Release|Any CPU.Build.0 = Release|Any CPU
	EndGlobalSection
	GlobalSection(SolutionProperties) = preSolution
		HideSolutionNode = FALSE
	EndGlobalSection
	GlobalSection(ExtensibilityGlobals) = postSolution
		SolutionGuid = {AD2467AB-D408-44D4-A2E1-EAE9610EA74B}
	EndGlobalSection
EndGlobal
