
Microsoft Visual Studio Solution File, Format Version 12.00
# Visual Studio Version 17
VisualStudioVersion = 17.1.32328.378
MinimumVisualStudioVersion = 10.0.40219.1
Project("{FAE04EC0-301F-11D3-BF4B-00C04F79EFBC}") = "Giris", "Giris.csproj", "{876AFC81-AAB7-480B-9F07-1DC7DBFA758A}"
EndProject
Global
	GlobalSection(SolutionConfigurationPlatforms) = preSolution
		Debug|Any CPU = Debug|Any CPU
		Release|Any CPU = Release|Any CPU
	EndGlobalSection
	GlobalSection(ProjectConfigurationPlatforms) = postSolution
		{876AFC81-AAB7-480B-9F07-1DC7DBFA758A}.Debug|Any CPU.ActiveCfg = Debug|Any CPU
		{876AFC81-AAB7-480B-9F07-1DC7DBFA758A}.Debug|Any CPU.Build.0 = Debug|Any CPU
		{876AFC81-AAB7-480B-9F07-1DC7DBFA758A}.Release|Any CPU.ActiveCfg = Release|Any CPU
		{876AFC81-AAB7-480B-9F07-1DC7DBFA758A}.Release|Any CPU.Build.0 = Release|Any CPU
	EndGlobalSection
	GlobalSection(SolutionProperties) = preSolution
		HideSolutionNode = FALSE
	EndGlobalSection
	GlobalSection(ExtensibilityGlobals) = postSolution
		SolutionGuid = {006C5318-ECFC-40F7-B24A-4D8158013F06}
	EndGlobalSection
EndGlobal
