
Microsoft Visual Studio Solution File, Format Version 12.00
# Visual Studio Version 17
VisualStudioVersion = 17.1.32328.378
MinimumVisualStudioVersion = 10.0.40219.1
Project("{FAE04EC0-301F-11D3-BF4B-00C04F79EFBC}") = "ErisimBelirleyiciler", "ErisimBelirleyiciler.csproj", "{76302779-448A-473C-B143-1D3B5F348FFE}"
EndProject
Global
	GlobalSection(SolutionConfigurationPlatforms) = preSolution
		Debug|Any CPU = Debug|Any CPU
		Release|Any CPU = Release|Any CPU
	EndGlobalSection
	GlobalSection(ProjectConfigurationPlatforms) = postSolution
		{76302779-448A-473C-B143-1D3B5F348FFE}.Debug|Any CPU.ActiveCfg = Debug|Any CPU
		{76302779-448A-473C-B143-1D3B5F348FFE}.Debug|Any CPU.Build.0 = Debug|Any CPU
		{76302779-448A-473C-B143-1D3B5F348FFE}.Release|Any CPU.ActiveCfg = Release|Any CPU
		{76302779-448A-473C-B143-1D3B5F348FFE}.Release|Any CPU.Build.0 = Release|Any CPU
	EndGlobalSection
	GlobalSection(SolutionProperties) = preSolution
		HideSolutionNode = FALSE
	EndGlobalSection
	GlobalSection(ExtensibilityGlobals) = postSolution
		SolutionGuid = {8B00EB1E-3B00-48B7-874D-3186CF6E60CD}
	EndGlobalSection
EndGlobal
