
Microsoft Visual Studio Solution File, Format Version 12.00
# Visual Studio Version 17
VisualStudioVersion = 17.1.32328.378
MinimumVisualStudioVersion = 10.0.40219.1
Project("{FAE04EC0-301F-11D3-BF4B-00C04F79EFBC}") = "VarObjectDynamicFarki", "VarObjectDynamicFarki.csproj", "{0AB1DA7C-26D2-4F7E-8CC7-D1877A327B5A}"
EndProject
Global
	GlobalSection(SolutionConfigurationPlatforms) = preSolution
		Debug|Any CPU = Debug|Any CPU
		Release|Any CPU = Release|Any CPU
	EndGlobalSection
	GlobalSection(ProjectConfigurationPlatforms) = postSolution
		{0AB1DA7C-26D2-4F7E-8CC7-D1877A327B5A}.Debug|Any CPU.ActiveCfg = Debug|Any CPU
		{0AB1DA7C-26D2-4F7E-8CC7-D1877A327B5A}.Debug|Any CPU.Build.0 = Debug|Any CPU
		{0AB1DA7C-26D2-4F7E-8CC7-D1877A327B5A}.Release|Any CPU.ActiveCfg = Release|Any CPU
		{0AB1DA7C-26D2-4F7E-8CC7-D1877A327B5A}.Release|Any CPU.Build.0 = Release|Any CPU
	EndGlobalSection
	GlobalSection(SolutionProperties) = preSolution
		HideSolutionNode = FALSE
	EndGlobalSection
	GlobalSection(ExtensibilityGlobals) = postSolution
		SolutionGuid = {7CE2E086-094B-4853-B573-E39A98D80B8D}
	EndGlobalSection
EndGlobal
