
Microsoft Visual Studio Solution File, Format Version 12.00
# Visual Studio Version 17
VisualStudioVersion = 17.1.32328.378
MinimumVisualStudioVersion = 10.0.40219.1
Project("{FAE04EC0-301F-11D3-BF4B-00C04F79EFBC}") = "Compos2", "Compos2.csproj", "{4EA0A5A6-873A-4EC1-AFA0-D87408119EB6}"
EndProject
Global
	GlobalSection(SolutionConfigurationPlatforms) = preSolution
		Debug|Any CPU = Debug|Any CPU
		Release|Any CPU = Release|Any CPU
	EndGlobalSection
	GlobalSection(ProjectConfigurationPlatforms) = postSolution
		{4EA0A5A6-873A-4EC1-AFA0-D87408119EB6}.Debug|Any CPU.ActiveCfg = Debug|Any CPU
		{4EA0A5A6-873A-4EC1-AFA0-D87408119EB6}.Debug|Any CPU.Build.0 = Debug|Any CPU
		{4EA0A5A6-873A-4EC1-AFA0-D87408119EB6}.Release|Any CPU.ActiveCfg = Release|Any CPU
		{4EA0A5A6-873A-4EC1-AFA0-D87408119EB6}.Release|Any CPU.Build.0 = Release|Any CPU
	EndGlobalSection
	GlobalSection(SolutionProperties) = preSolution
		HideSolutionNode = FALSE
	EndGlobalSection
	GlobalSection(ExtensibilityGlobals) = postSolution
		SolutionGuid = {5E58F3B4-E9C1-4C0A-AE3E-A0A51CF5E5F8}
	EndGlobalSection
EndGlobal
