
Microsoft Visual Studio Solution File, Format Version 12.00
# Visual Studio Version 17
VisualStudioVersion = 17.1.32328.378
MinimumVisualStudioVersion = 10.0.40219.1
Project("{FAE04EC0-301F-11D3-BF4B-00C04F79EFBC}") = "Aggregation", "Aggregation.csproj", "{6AD49408-AD98-44B4-8650-3ED8BC6EDA25}"
EndProject
Global
	GlobalSection(SolutionConfigurationPlatforms) = preSolution
		Debug|Any CPU = Debug|Any CPU
		Release|Any CPU = Release|Any CPU
	EndGlobalSection
	GlobalSection(ProjectConfigurationPlatforms) = postSolution
		{6AD49408-AD98-44B4-8650-3ED8BC6EDA25}.Debug|Any CPU.ActiveCfg = Debug|Any CPU
		{6AD49408-AD98-44B4-8650-3ED8BC6EDA25}.Debug|Any CPU.Build.0 = Debug|Any CPU
		{6AD49408-AD98-44B4-8650-3ED8BC6EDA25}.Release|Any CPU.ActiveCfg = Release|Any CPU
		{6AD49408-AD98-44B4-8650-3ED8BC6EDA25}.Release|Any CPU.Build.0 = Release|Any CPU
	EndGlobalSection
	GlobalSection(SolutionProperties) = preSolution
		HideSolutionNode = FALSE
	EndGlobalSection
	GlobalSection(ExtensibilityGlobals) = postSolution
		SolutionGuid = {5DA3C974-9ECC-4E0E-9385-2B2E70CF91A5}
	EndGlobalSection
EndGlobal
