
Microsoft Visual Studio Solution File, Format Version 12.00
# Visual Studio Version 17
VisualStudioVersion = 17.1.32328.378
MinimumVisualStudioVersion = 10.0.40219.1
Project("{FAE04EC0-301F-11D3-BF4B-00C04F79EFBC}") = "AgreagationStudent", "AgreagationStudent.csproj", "{08699CF1-5C57-4E18-93F0-5C30CE49B1E8}"
EndProject
Global
	GlobalSection(SolutionConfigurationPlatforms) = preSolution
		Debug|Any CPU = Debug|Any CPU
		Release|Any CPU = Release|Any CPU
	EndGlobalSection
	GlobalSection(ProjectConfigurationPlatforms) = postSolution
		{08699CF1-5C57-4E18-93F0-5C30CE49B1E8}.Debug|Any CPU.ActiveCfg = Debug|Any CPU
		{08699CF1-5C57-4E18-93F0-5C30CE49B1E8}.Debug|Any CPU.Build.0 = Debug|Any CPU
		{08699CF1-5C57-4E18-93F0-5C30CE49B1E8}.Release|Any CPU.ActiveCfg = Release|Any CPU
		{08699CF1-5C57-4E18-93F0-5C30CE49B1E8}.Release|Any CPU.Build.0 = Release|Any CPU
	EndGlobalSection
	GlobalSection(SolutionProperties) = preSolution
		HideSolutionNode = FALSE
	EndGlobalSection
	GlobalSection(ExtensibilityGlobals) = postSolution
		SolutionGuid = {899F7127-C54C-4548-8C0A-7DEA3B23A597}
	EndGlobalSection
EndGlobal
